
Microsoft Visual Studio Solution File, Format Version 12.00
# Visual Studio Version 16
VisualStudioVersion = 16.0.29306.81
MinimumVisualStudioVersion = 10.0.40219.1
Project("{2150E333-8FDC-42A3-9474-1A3956D46DE8}") = "Server", "Server", "{AC2220CB-0B8E-49CF-AF3B-4F9609E56016}"
EndProject
Project("{2150E333-8FDC-42A3-9474-1A3956D46DE8}") = "Client.UWP", "Client.UWP", "{696D30FA-370D-41CC-87DC-B0C5A8ECFEEC}"
EndProject
Project("{2150E333-8FDC-42A3-9474-1A3956D46DE8}") = "Entities", "Entities", "{46532EE8-A864-40DC-9676-2FB3F9AD81EC}"
EndProject
Project("{2150E333-8FDC-42A3-9474-1A3956D46DE8}") = "UnitTests", "UnitTests", "{B45CE523-FFD5-4713-9A62-DE6F2E03E15C}"
EndProject
Project("{9A19103F-16F7-4668-BE54-9A1E7A4F7556}") = "NETGame.CSharp.Server.Core", "NETGame.CSharp.Server.Core\NETGame.CSharp.Server.Core.csproj", "{661069AA-3330-4403-A132-18CA1ED8CE82}"
EndProject
Project("{FAE04EC0-301F-11D3-BF4B-00C04F79EFBC}") = "NETGame.CSharp.Client.UWP", "NETGame.CSharp.Client.UWP\NETGame.CSharp.Client.UWP.csproj", "{4E9D5072-4387-4C27-B9CD-6818A0CF63B1}"
EndProject
Project("{9A19103F-16F7-4668-BE54-9A1E7A4F7556}") = "NETGame.CSharp.Client.Services", "NETGame.CSharp.Client.Services\NETGame.CSharp.Client.Services.csproj", "{797C213D-77E7-491B-BF99-6F7EFF367775}"
EndProject
Project("{9A19103F-16F7-4668-BE54-9A1E7A4F7556}") = "NETGame.CSharp.Client.Entities", "NETGame.CSharp.Client.Entities\NETGame.CSharp.Client.Entities.csproj", "{FE568F18-428C-4A13-8517-03D158844DE0}"
EndProject
Project("{9A19103F-16F7-4668-BE54-9A1E7A4F7556}") = "NETGame.CSharp.Server.Services", "NETGame.CSharp.Server.Services\NETGame.CSharp.Server.Services.csproj", "{F26791ED-9C74-4F44-BEAD-40766AAA37A4}"
EndProject
Project("{9A19103F-16F7-4668-BE54-9A1E7A4F7556}") = "NETGame.CSharp.Entities", "NETGame.CSharp.Entities\NETGame.CSharp.Entities.csproj", "{90BE721C-451A-467F-8BB0-E44B594CD70E}"
EndProject
Project("{9A19103F-16F7-4668-BE54-9A1E7A4F7556}") = "NETGame.CSharp.UnitTests", "NETGame.CSharp.UnitTests\NETGame.CSharp.UnitTests.csproj", "{54033768-3E12-4BA3-8F27-08D047BC0AF2}"
EndProject
Project("{FAE04EC0-301F-11D3-BF4B-00C04F79EFBC}") = "NETGame.CSharp.Server.UWP", "NETGame.CSharp.Server.UWP\NETGame.CSharp.Server.UWP.csproj", "{4F713128-EDD9-4D2A-9825-3E7138BEC8A5}"
EndProject
Project("{FAE04EC0-301F-11D3-BF4B-00C04F79EFBC}") = "NETGame.CSharp.Server.UWP.Services", "NETGame.CSharp.Server.UWP.Services\NETGame.CSharp.Server.UWP.Services.csproj", "{42C483DC-A368-407D-955A-0C16835ED8E5}"
EndProject
Global
	GlobalSection(SolutionConfigurationPlatforms) = preSolution
		Debug|Any CPU = Debug|Any CPU
		Debug|ARM = Debug|ARM
		Debug|ARM64 = Debug|ARM64
		Debug|x64 = Debug|x64
		Debug|x86 = Debug|x86
		Release|Any CPU = Release|Any CPU
		Release|ARM = Release|ARM
		Release|ARM64 = Release|ARM64
		Release|x64 = Release|x64
		Release|x86 = Release|x86
	EndGlobalSection
	GlobalSection(ProjectConfigurationPlatforms) = postSolution
		{661069AA-3330-4403-A132-18CA1ED8CE82}.Debug|Any CPU.ActiveCfg = Debug|Any CPU
		{661069AA-3330-4403-A132-18CA1ED8CE82}.Debug|Any CPU.Build.0 = Debug|Any CPU
		{661069AA-3330-4403-A132-18CA1ED8CE82}.Debug|ARM.ActiveCfg = Debug|Any CPU
		{661069AA-3330-4403-A132-18CA1ED8CE82}.Debug|ARM.Build.0 = Debug|Any CPU
		{661069AA-3330-4403-A132-18CA1ED8CE82}.Debug|ARM64.ActiveCfg = Debug|Any CPU
		{661069AA-3330-4403-A132-18CA1ED8CE82}.Debug|ARM64.Build.0 = Debug|Any CPU
		{661069AA-3330-4403-A132-18CA1ED8CE82}.Debug|x64.ActiveCfg = Debug|Any CPU
		{661069AA-3330-4403-A132-18CA1ED8CE82}.Debug|x64.Build.0 = Debug|Any CPU
		{661069AA-3330-4403-A132-18CA1ED8CE82}.Debug|x86.ActiveCfg = Debug|Any CPU
		{661069AA-3330-4403-A132-18CA1ED8CE82}.Debug|x86.Build.0 = Debug|Any CPU
		{661069AA-3330-4403-A132-18CA1ED8CE82}.Release|Any CPU.ActiveCfg = Release|Any CPU
		{661069AA-3330-4403-A132-18CA1ED8CE82}.Release|Any CPU.Build.0 = Release|Any CPU
		{661069AA-3330-4403-A132-18CA1ED8CE82}.Release|ARM.ActiveCfg = Release|Any CPU
		{661069AA-3330-4403-A132-18CA1ED8CE82}.Release|ARM.Build.0 = Release|Any CPU
		{661069AA-3330-4403-A132-18CA1ED8CE82}.Release|ARM64.ActiveCfg = Release|Any CPU
		{661069AA-3330-4403-A132-18CA1ED8CE82}.Release|ARM64.Build.0 = Release|Any CPU
		{661069AA-3330-4403-A132-18CA1ED8CE82}.Release|x64.ActiveCfg = Release|Any CPU
		{661069AA-3330-4403-A132-18CA1ED8CE82}.Release|x64.Build.0 = Release|Any CPU
		{661069AA-3330-4403-A132-18CA1ED8CE82}.Release|x86.ActiveCfg = Release|Any CPU
		{661069AA-3330-4403-A132-18CA1ED8CE82}.Release|x86.Build.0 = Release|Any CPU
		{4E9D5072-4387-4C27-B9CD-6818A0CF63B1}.Debug|Any CPU.ActiveCfg = Debug|x86
		{4E9D5072-4387-4C27-B9CD-6818A0CF63B1}.Debug|Any CPU.Build.0 = Debug|x86
		{4E9D5072-4387-4C27-B9CD-6818A0CF63B1}.Debug|ARM.ActiveCfg = Debug|ARM
		{4E9D5072-4387-4C27-B9CD-6818A0CF63B1}.Debug|ARM.Build.0 = Debug|ARM
		{4E9D5072-4387-4C27-B9CD-6818A0CF63B1}.Debug|ARM.Deploy.0 = Debug|ARM
		{4E9D5072-4387-4C27-B9CD-6818A0CF63B1}.Debug|ARM64.ActiveCfg = Debug|ARM64
		{4E9D5072-4387-4C27-B9CD-6818A0CF63B1}.Debug|ARM64.Build.0 = Debug|ARM64
		{4E9D5072-4387-4C27-B9CD-6818A0CF63B1}.Debug|ARM64.Deploy.0 = Debug|ARM64
		{4E9D5072-4387-4C27-B9CD-6818A0CF63B1}.Debug|x64.ActiveCfg = Debug|x64
		{4E9D5072-4387-4C27-B9CD-6818A0CF63B1}.Debug|x64.Build.0 = Debug|x64
		{4E9D5072-4387-4C27-B9CD-6818A0CF63B1}.Debug|x64.Deploy.0 = Debug|x64
		{4E9D5072-4387-4C27-B9CD-6818A0CF63B1}.Debug|x86.ActiveCfg = Debug|x86
		{4E9D5072-4387-4C27-B9CD-6818A0CF63B1}.Debug|x86.Build.0 = Debug|x86
		{4E9D5072-4387-4C27-B9CD-6818A0CF63B1}.Debug|x86.Deploy.0 = Debug|x86
		{4E9D5072-4387-4C27-B9CD-6818A0CF63B1}.Release|Any CPU.ActiveCfg = Release|x86
		{4E9D5072-4387-4C27-B9CD-6818A0CF63B1}.Release|ARM.ActiveCfg = Release|ARM
		{4E9D5072-4387-4C27-B9CD-6818A0CF63B1}.Release|ARM.Build.0 = Release|ARM
		{4E9D5072-4387-4C27-B9CD-6818A0CF63B1}.Release|ARM.Deploy.0 = Release|ARM
		{4E9D5072-4387-4C27-B9CD-6818A0CF63B1}.Release|ARM64.ActiveCfg = Release|ARM64
		{4E9D5072-4387-4C27-B9CD-6818A0CF63B1}.Release|ARM64.Build.0 = Release|ARM64
		{4E9D5072-4387-4C27-B9CD-6818A0CF63B1}.Release|ARM64.Deploy.0 = Release|ARM64
		{4E9D5072-4387-4C27-B9CD-6818A0CF63B1}.Release|x64.ActiveCfg = Release|x64
		{4E9D5072-4387-4C27-B9CD-6818A0CF63B1}.Release|x64.Build.0 = Release|x64
		{4E9D5072-4387-4C27-B9CD-6818A0CF63B1}.Release|x64.Deploy.0 = Release|x64
		{4E9D5072-4387-4C27-B9CD-6818A0CF63B1}.Release|x86.ActiveCfg = Release|x86
		{4E9D5072-4387-4C27-B9CD-6818A0CF63B1}.Release|x86.Build.0 = Release|x86
		{4E9D5072-4387-4C27-B9CD-6818A0CF63B1}.Release|x86.Deploy.0 = Release|x86
		{797C213D-77E7-491B-BF99-6F7EFF367775}.Debug|Any CPU.ActiveCfg = Debug|Any CPU
		{797C213D-77E7-491B-BF99-6F7EFF367775}.Debug|Any CPU.Build.0 = Debug|Any CPU
		{797C213D-77E7-491B-BF99-6F7EFF367775}.Debug|ARM.ActiveCfg = Debug|Any CPU
		{797C213D-77E7-491B-BF99-6F7EFF367775}.Debug|ARM.Build.0 = Debug|Any CPU
		{797C213D-77E7-491B-BF99-6F7EFF367775}.Debug|ARM64.ActiveCfg = Debug|Any CPU
		{797C213D-77E7-491B-BF99-6F7EFF367775}.Debug|ARM64.Build.0 = Debug|Any CPU
		{797C213D-77E7-491B-BF99-6F7EFF367775}.Debug|x64.ActiveCfg = Debug|Any CPU
		{797C213D-77E7-491B-BF99-6F7EFF367775}.Debug|x64.Build.0 = Debug|Any CPU
		{797C213D-77E7-491B-BF99-6F7EFF367775}.Debug|x86.ActiveCfg = Debug|Any CPU
		{797C213D-77E7-491B-BF99-6F7EFF367775}.Debug|x86.Build.0 = Debug|Any CPU
		{797C213D-77E7-491B-BF99-6F7EFF367775}.Release|Any CPU.ActiveCfg = Release|Any CPU
		{797C213D-77E7-491B-BF99-6F7EFF367775}.Release|Any CPU.Build.0 = Release|Any CPU
		{797C213D-77E7-491B-BF99-6F7EFF367775}.Release|ARM.ActiveCfg = Release|Any CPU
		{797C213D-77E7-491B-BF99-6F7EFF367775}.Release|ARM.Build.0 = Release|Any CPU
		{797C213D-77E7-491B-BF99-6F7EFF367775}.Release|ARM64.ActiveCfg = Release|Any CPU
		{797C213D-77E7-491B-BF99-6F7EFF367775}.Release|ARM64.Build.0 = Release|Any CPU
		{797C213D-77E7-491B-BF99-6F7EFF367775}.Release|x64.ActiveCfg = Release|Any CPU
		{797C213D-77E7-491B-BF99-6F7EFF367775}.Release|x64.Build.0 = Release|Any CPU
		{797C213D-77E7-491B-BF99-6F7EFF367775}.Release|x86.ActiveCfg = Release|Any CPU
		{797C213D-77E7-491B-BF99-6F7EFF367775}.Release|x86.Build.0 = Release|Any CPU
		{FE568F18-428C-4A13-8517-03D158844DE0}.Debug|Any CPU.ActiveCfg = Debug|Any CPU
		{FE568F18-428C-4A13-8517-03D158844DE0}.Debug|Any CPU.Build.0 = Debug|Any CPU
		{FE568F18-428C-4A13-8517-03D158844DE0}.Debug|ARM.ActiveCfg = Debug|Any CPU
		{FE568F18-428C-4A13-8517-03D158844DE0}.Debug|ARM.Build.0 = Debug|Any CPU
		{FE568F18-428C-4A13-8517-03D158844DE0}.Debug|ARM64.ActiveCfg = Debug|Any CPU
		{FE568F18-428C-4A13-8517-03D158844DE0}.Debug|ARM64.Build.0 = Debug|Any CPU
		{FE568F18-428C-4A13-8517-03D158844DE0}.Debug|x64.ActiveCfg = Debug|Any CPU
		{FE568F18-428C-4A13-8517-03D158844DE0}.Debug|x64.Build.0 = Debug|Any CPU
		{FE568F18-428C-4A13-8517-03D158844DE0}.Debug|x86.ActiveCfg = Debug|Any CPU
		{FE568F18-428C-4A13-8517-03D158844DE0}.Debug|x86.Build.0 = Debug|Any CPU
		{FE568F18-428C-4A13-8517-03D158844DE0}.Release|Any CPU.ActiveCfg = Release|Any CPU
		{FE568F18-428C-4A13-8517-03D158844DE0}.Release|Any CPU.Build.0 = Release|Any CPU
		{FE568F18-428C-4A13-8517-03D158844DE0}.Release|ARM.ActiveCfg = Release|Any CPU
		{FE568F18-428C-4A13-8517-03D158844DE0}.Release|ARM.Build.0 = Release|Any CPU
		{FE568F18-428C-4A13-8517-03D158844DE0}.Release|ARM64.ActiveCfg = Release|Any CPU
		{FE568F18-428C-4A13-8517-03D158844DE0}.Release|ARM64.Build.0 = Release|Any CPU
		{FE568F18-428C-4A13-8517-03D158844DE0}.Release|x64.ActiveCfg = Release|Any CPU
		{FE568F18-428C-4A13-8517-03D158844DE0}.Release|x64.Build.0 = Release|Any CPU
		{FE568F18-428C-4A13-8517-03D158844DE0}.Release|x86.ActiveCfg = Release|Any CPU
		{FE568F18-428C-4A13-8517-03D158844DE0}.Release|x86.Build.0 = Release|Any CPU
		{F26791ED-9C74-4F44-BEAD-40766AAA37A4}.Debug|Any CPU.ActiveCfg = Debug|Any CPU
		{F26791ED-9C74-4F44-BEAD-40766AAA37A4}.Debug|Any CPU.Build.0 = Debug|Any CPU
		{F26791ED-9C74-4F44-BEAD-40766AAA37A4}.Debug|ARM.ActiveCfg = Debug|Any CPU
		{F26791ED-9C74-4F44-BEAD-40766AAA37A4}.Debug|ARM.Build.0 = Debug|Any CPU
		{F26791ED-9C74-4F44-BEAD-40766AAA37A4}.Debug|ARM64.ActiveCfg = Debug|Any CPU
		{F26791ED-9C74-4F44-BEAD-40766AAA37A4}.Debug|ARM64.Build.0 = Debug|Any CPU
		{F26791ED-9C74-4F44-BEAD-40766AAA37A4}.Debug|x64.ActiveCfg = Debug|Any CPU
		{F26791ED-9C74-4F44-BEAD-40766AAA37A4}.Debug|x64.Build.0 = Debug|Any CPU
		{F26791ED-9C74-4F44-BEAD-40766AAA37A4}.Debug|x86.ActiveCfg = Debug|Any CPU
		{F26791ED-9C74-4F44-BEAD-40766AAA37A4}.Debug|x86.Build.0 = Debug|Any CPU
		{F26791ED-9C74-4F44-BEAD-40766AAA37A4}.Release|Any CPU.ActiveCfg = Release|Any CPU
		{F26791ED-9C74-4F44-BEAD-40766AAA37A4}.Release|Any CPU.Build.0 = Release|Any CPU
		{F26791ED-9C74-4F44-BEAD-40766AAA37A4}.Release|ARM.ActiveCfg = Release|Any CPU
		{F26791ED-9C74-4F44-BEAD-40766AAA37A4}.Release|ARM.Build.0 = Release|Any CPU
		{F26791ED-9C74-4F44-BEAD-40766AAA37A4}.Release|ARM64.ActiveCfg = Release|Any CPU
		{F26791ED-9C74-4F44-BEAD-40766AAA37A4}.Release|ARM64.Build.0 = Release|Any CPU
		{F26791ED-9C74-4F44-BEAD-40766AAA37A4}.Release|x64.ActiveCfg = Release|Any CPU
		{F26791ED-9C74-4F44-BEAD-40766AAA37A4}.Release|x64.Build.0 = Release|Any CPU
		{F26791ED-9C74-4F44-BEAD-40766AAA37A4}.Release|x86.ActiveCfg = Release|Any CPU
		{F26791ED-9C74-4F44-BEAD-40766AAA37A4}.Release|x86.Build.0 = Release|Any CPU
		{90BE721C-451A-467F-8BB0-E44B594CD70E}.Debug|Any CPU.ActiveCfg = Debug|Any CPU
		{90BE721C-451A-467F-8BB0-E44B594CD70E}.Debug|Any CPU.Build.0 = Debug|Any CPU
		{90BE721C-451A-467F-8BB0-E44B594CD70E}.Debug|ARM.ActiveCfg = Debug|Any CPU
		{90BE721C-451A-467F-8BB0-E44B594CD70E}.Debug|ARM.Build.0 = Debug|Any CPU
		{90BE721C-451A-467F-8BB0-E44B594CD70E}.Debug|ARM64.ActiveCfg = Debug|Any CPU
		{90BE721C-451A-467F-8BB0-E44B594CD70E}.Debug|ARM64.Build.0 = Debug|Any CPU
		{90BE721C-451A-467F-8BB0-E44B594CD70E}.Debug|x64.ActiveCfg = Debug|Any CPU
		{90BE721C-451A-467F-8BB0-E44B594CD70E}.Debug|x64.Build.0 = Debug|Any CPU
		{90BE721C-451A-467F-8BB0-E44B594CD70E}.Debug|x86.ActiveCfg = Debug|Any CPU
		{90BE721C-451A-467F-8BB0-E44B594CD70E}.Debug|x86.Build.0 = Debug|Any CPU
		{90BE721C-451A-467F-8BB0-E44B594CD70E}.Release|Any CPU.ActiveCfg = Release|Any CPU
		{90BE721C-451A-467F-8BB0-E44B594CD70E}.Release|Any CPU.Build.0 = Release|Any CPU
		{90BE721C-451A-467F-8BB0-E44B594CD70E}.Release|ARM.ActiveCfg = Release|Any CPU
		{90BE721C-451A-467F-8BB0-E44B594CD70E}.Release|ARM.Build.0 = Release|Any CPU
		{90BE721C-451A-467F-8BB0-E44B594CD70E}.Release|ARM64.ActiveCfg = Release|Any CPU
		{90BE721C-451A-467F-8BB0-E44B594CD70E}.Release|ARM64.Build.0 = Release|Any CPU
		{90BE721C-451A-467F-8BB0-E44B594CD70E}.Release|x64.ActiveCfg = Release|Any CPU
		{90BE721C-451A-467F-8BB0-E44B594CD70E}.Release|x64.Build.0 = Release|Any CPU
		{90BE721C-451A-467F-8BB0-E44B594CD70E}.Release|x86.ActiveCfg = Release|Any CPU
		{90BE721C-451A-467F-8BB0-E44B594CD70E}.Release|x86.Build.0 = Release|Any CPU
		{54033768-3E12-4BA3-8F27-08D047BC0AF2}.Debug|Any CPU.ActiveCfg = Debug|Any CPU
		{54033768-3E12-4BA3-8F27-08D047BC0AF2}.Debug|Any CPU.Build.0 = Debug|Any CPU
		{54033768-3E12-4BA3-8F27-08D047BC0AF2}.Debug|ARM.ActiveCfg = Debug|Any CPU
		{54033768-3E12-4BA3-8F27-08D047BC0AF2}.Debug|ARM.Build.0 = Debug|Any CPU
		{54033768-3E12-4BA3-8F27-08D047BC0AF2}.Debug|ARM64.ActiveCfg = Debug|Any CPU
		{54033768-3E12-4BA3-8F27-08D047BC0AF2}.Debug|ARM64.Build.0 = Debug|Any CPU
		{54033768-3E12-4BA3-8F27-08D047BC0AF2}.Debug|x64.ActiveCfg = Debug|Any CPU
		{54033768-3E12-4BA3-8F27-08D047BC0AF2}.Debug|x64.Build.0 = Debug|Any CPU
		{54033768-3E12-4BA3-8F27-08D047BC0AF2}.Debug|x86.ActiveCfg = Debug|Any CPU
		{54033768-3E12-4BA3-8F27-08D047BC0AF2}.Debug|x86.Build.0 = Debug|Any CPU
		{54033768-3E12-4BA3-8F27-08D047BC0AF2}.Release|Any CPU.ActiveCfg = Release|Any CPU
		{54033768-3E12-4BA3-8F27-08D047BC0AF2}.Release|Any CPU.Build.0 = Release|Any CPU
		{54033768-3E12-4BA3-8F27-08D047BC0AF2}.Release|ARM.ActiveCfg = Release|Any CPU
		{54033768-3E12-4BA3-8F27-08D047BC0AF2}.Release|ARM.Build.0 = Release|Any CPU
		{54033768-3E12-4BA3-8F27-08D047BC0AF2}.Release|ARM64.ActiveCfg = Release|Any CPU
		{54033768-3E12-4BA3-8F27-08D047BC0AF2}.Release|ARM64.Build.0 = Release|Any CPU
		{54033768-3E12-4BA3-8F27-08D047BC0AF2}.Release|x64.ActiveCfg = Release|Any CPU
		{54033768-3E12-4BA3-8F27-08D047BC0AF2}.Release|x64.Build.0 = Release|Any CPU
		{54033768-3E12-4BA3-8F27-08D047BC0AF2}.Release|x86.ActiveCfg = Release|Any CPU
		{54033768-3E12-4BA3-8F27-08D047BC0AF2}.Release|x86.Build.0 = Release|Any CPU
		{4F713128-EDD9-4D2A-9825-3E7138BEC8A5}.Debug|Any CPU.ActiveCfg = Debug|x86
		{4F713128-EDD9-4D2A-9825-3E7138BEC8A5}.Debug|ARM.ActiveCfg = Debug|ARM
		{4F713128-EDD9-4D2A-9825-3E7138BEC8A5}.Debug|ARM.Build.0 = Debug|ARM
		{4F713128-EDD9-4D2A-9825-3E7138BEC8A5}.Debug|ARM.Deploy.0 = Debug|ARM
		{4F713128-EDD9-4D2A-9825-3E7138BEC8A5}.Debug|ARM64.ActiveCfg = Debug|ARM64
		{4F713128-EDD9-4D2A-9825-3E7138BEC8A5}.Debug|ARM64.Build.0 = Debug|ARM64
		{4F713128-EDD9-4D2A-9825-3E7138BEC8A5}.Debug|ARM64.Deploy.0 = Debug|ARM64
		{4F713128-EDD9-4D2A-9825-3E7138BEC8A5}.Debug|x64.ActiveCfg = Debug|x64
		{4F713128-EDD9-4D2A-9825-3E7138BEC8A5}.Debug|x64.Build.0 = Debug|x64
		{4F713128-EDD9-4D2A-9825-3E7138BEC8A5}.Debug|x64.Deploy.0 = Debug|x64
		{4F713128-EDD9-4D2A-9825-3E7138BEC8A5}.Debug|x86.ActiveCfg = Debug|x86
		{4F713128-EDD9-4D2A-9825-3E7138BEC8A5}.Debug|x86.Build.0 = Debug|x86
		{4F713128-EDD9-4D2A-9825-3E7138BEC8A5}.Debug|x86.Deploy.0 = Debug|x86
		{4F713128-EDD9-4D2A-9825-3E7138BEC8A5}.Release|Any CPU.ActiveCfg = Release|x86
		{4F713128-EDD9-4D2A-9825-3E7138BEC8A5}.Release|ARM.ActiveCfg = Release|ARM
		{4F713128-EDD9-4D2A-9825-3E7138BEC8A5}.Release|ARM.Build.0 = Release|ARM
		{4F713128-EDD9-4D2A-9825-3E7138BEC8A5}.Release|ARM.Deploy.0 = Release|ARM
		{4F713128-EDD9-4D2A-9825-3E7138BEC8A5}.Release|ARM64.ActiveCfg = Release|ARM64
		{4F713128-EDD9-4D2A-9825-3E7138BEC8A5}.Release|ARM64.Build.0 = Release|ARM64
		{4F713128-EDD9-4D2A-9825-3E7138BEC8A5}.Release|ARM64.Deploy.0 = Release|ARM64
		{4F713128-EDD9-4D2A-9825-3E7138BEC8A5}.Release|x64.ActiveCfg = Release|x64
		{4F713128-EDD9-4D2A-9825-3E7138BEC8A5}.Release|x64.Build.0 = Release|x64
		{4F713128-EDD9-4D2A-9825-3E7138BEC8A5}.Release|x64.Deploy.0 = Release|x64
		{4F713128-EDD9-4D2A-9825-3E7138BEC8A5}.Release|x86.ActiveCfg = Release|x86
		{4F713128-EDD9-4D2A-9825-3E7138BEC8A5}.Release|x86.Build.0 = Release|x86
		{4F713128-EDD9-4D2A-9825-3E7138BEC8A5}.Release|x86.Deploy.0 = Release|x86
		{42C483DC-A368-407D-955A-0C16835ED8E5}.Debug|Any CPU.ActiveCfg = Debug|Any CPU
		{42C483DC-A368-407D-955A-0C16835ED8E5}.Debug|Any CPU.Build.0 = Debug|Any CPU
		{42C483DC-A368-407D-955A-0C16835ED8E5}.Debug|ARM.ActiveCfg = Debug|ARM
		{42C483DC-A368-407D-955A-0C16835ED8E5}.Debug|ARM.Build.0 = Debug|ARM
		{42C483DC-A368-407D-955A-0C16835ED8E5}.Debug|ARM64.ActiveCfg = Debug|ARM64
		{42C483DC-A368-407D-955A-0C16835ED8E5}.Debug|ARM64.Build.0 = Debug|ARM64
		{42C483DC-A368-407D-955A-0C16835ED8E5}.Debug|x64.ActiveCfg = Debug|x64
		{42C483DC-A368-407D-955A-0C16835ED8E5}.Debug|x64.Build.0 = Debug|x64
		{42C483DC-A368-407D-955A-0C16835ED8E5}.Debug|x86.ActiveCfg = Debug|x86
		{42C483DC-A368-407D-955A-0C16835ED8E5}.Debug|x86.Build.0 = Debug|x86
		{42C483DC-A368-407D-955A-0C16835ED8E5}.Release|Any CPU.ActiveCfg = Release|Any CPU
		{42C483DC-A368-407D-955A-0C16835ED8E5}.Release|Any CPU.Build.0 = Release|Any CPU
		{42C483DC-A368-407D-955A-0C16835ED8E5}.Release|ARM.ActiveCfg = Release|ARM
		{42C483DC-A368-407D-955A-0C16835ED8E5}.Release|ARM.Build.0 = Release|ARM
		{42C483DC-A368-407D-955A-0C16835ED8E5}.Release|ARM64.ActiveCfg = Release|ARM64
		{42C483DC-A368-407D-955A-0C16835ED8E5}.Release|ARM64.Build.0 = Release|ARM64
		{42C483DC-A368-407D-955A-0C16835ED8E5}.Release|x64.ActiveCfg = Release|x64
		{42C483DC-A368-407D-955A-0C16835ED8E5}.Release|x64.Build.0 = Release|x64
		{42C483DC-A368-407D-955A-0C16835ED8E5}.Release|x86.ActiveCfg = Release|x86
		{42C483DC-A368-407D-955A-0C16835ED8E5}.Release|x86.Build.0 = Release|x86
	EndGlobalSection
	GlobalSection(SolutionProperties) = preSolution
		HideSolutionNode = FALSE
	EndGlobalSection
	GlobalSection(NestedProjects) = preSolution
		{661069AA-3330-4403-A132-18CA1ED8CE82} = {AC2220CB-0B8E-49CF-AF3B-4F9609E56016}
		{4E9D5072-4387-4C27-B9CD-6818A0CF63B1} = {696D30FA-370D-41CC-87DC-B0C5A8ECFEEC}
		{797C213D-77E7-491B-BF99-6F7EFF367775} = {696D30FA-370D-41CC-87DC-B0C5A8ECFEEC}
		{FE568F18-428C-4A13-8517-03D158844DE0} = {696D30FA-370D-41CC-87DC-B0C5A8ECFEEC}
		{F26791ED-9C74-4F44-BEAD-40766AAA37A4} = {AC2220CB-0B8E-49CF-AF3B-4F9609E56016}
		{90BE721C-451A-467F-8BB0-E44B594CD70E} = {46532EE8-A864-40DC-9676-2FB3F9AD81EC}
		{54033768-3E12-4BA3-8F27-08D047BC0AF2} = {B45CE523-FFD5-4713-9A62-DE6F2E03E15C}
		{4F713128-EDD9-4D2A-9825-3E7138BEC8A5} = {AC2220CB-0B8E-49CF-AF3B-4F9609E56016}
		{42C483DC-A368-407D-955A-0C16835ED8E5} = {AC2220CB-0B8E-49CF-AF3B-4F9609E56016}
	EndGlobalSection
	GlobalSection(ExtensibilityGlobals) = postSolution
		SolutionGuid = {65D2EC8C-3CFC-4DF9-A9E2-274D3204F9A9}
	EndGlobalSection
EndGlobal
